
Microsoft Visual Studio Solution File, Format Version 12.00
# Visual Studio 15
VisualStudioVersion = 15.0.27130.2036
MinimumVisualStudioVersion = 10.0.40219.1
Project("{FAE04EC0-301F-11D3-BF4B-00C04F79EFBC}") = "Model", "Model\Model.csproj", "{1B92160D-5854-463D-8211-C8D530EFB975}"
EndProject
Project("{FAE04EC0-301F-11D3-BF4B-00C04F79EFBC}") = "ViewModel", "ViewModel\ViewModel.csproj", "{B3FEA98B-5406-4500-BB50-113253356E37}"
EndProject
Project("{FAE04EC0-301F-11D3-BF4B-00C04F79EFBC}") = "ViewModelTest", "UnitTestProject\ViewModelTest.csproj", "{21221C0D-745D-4B06-B980-249DEDD4C941}"
EndProject
Project("{FAE04EC0-301F-11D3-BF4B-00C04F79EFBC}") = "GUI", "GUI\GUI.csproj", "{D780D1DF-C5E0-4319-B446-8986C528A988}"
EndProject
Project("{FAE04EC0-301F-11D3-BF4B-00C04F79EFBC}") = "CLI", "CLI\CLI.csproj", "{5045EFE6-823A-4C7C-B1CB-0E57DA36AC88}"
EndProject
Project("{FAE04EC0-301F-11D3-BF4B-00C04F79EFBC}") = "Serializers", "Serializers\Serializers.csproj", "{680BD9BC-2E7D-4EA9-B097-58D8E2A6FD40}"
EndProject
Project("{FAE04EC0-301F-11D3-BF4B-00C04F79EFBC}") = "SerializersTest", "SerializersSerializersTest\SerializersTest.csproj", "{D78422FB-49CA-4BD3-B818-24FEC0C7554B}"
EndProject
Project("{FAE04EC0-301F-11D3-BF4B-00C04F79EFBC}") = "TracerTest", "LoggerTest\TracerTest.csproj", "{9594F861-305E-4269-B59C-FC4208904985}"
EndProject
Project("{FAE04EC0-301F-11D3-BF4B-00C04F79EFBC}") = "Interfaces", "Interfaces\Interfaces.csproj", "{C82B8B1B-C04D-4A66-A91F-1FF6FF4423E5}"
EndProject
Project("{2150E333-8FDC-42A3-9474-1A3956D46DE8}") = "Tests", "Tests", "{5AC94C96-A542-447E-8A16-14A0F73486FE}"
EndProject
Project("{FAE04EC0-301F-11D3-BF4B-00C04F79EFBC}") = "Core", "DBCore\Core.csproj", "{689B4455-EC85-4640-A6CE-69CF38DE4FC2}"
EndProject
Project("{FAE04EC0-301F-11D3-BF4B-00C04F79EFBC}") = "MEF", "MEF\MEF.csproj", "{D69621F7-B563-42D4-AE34-C7D949791CAF}"
EndProject
Project("{FAE04EC0-301F-11D3-BF4B-00C04F79EFBC}") = "Tracer", "Tracer\Tracer.csproj", "{9DC8BF9C-5051-4178-A222-8CCA90D539DE}"
EndProject
Project("{FAE04EC0-301F-11D3-BF4B-00C04F79EFBC}") = "Database", "Database\Database.csproj", "{70461D13-A324-4F13-9874-AC1C8BDACABB}"
EndProject
Project("{FAE04EC0-301F-11D3-BF4B-00C04F79EFBC}") = "DatabaseTest", "DatabaseTest\DatabaseTest.csproj", "{5DB62C00-7A2B-49CA-8F46-380C49150FEE}"
EndProject
Global
	GlobalSection(SolutionConfigurationPlatforms) = preSolution
		Debug|Any CPU = Debug|Any CPU
		Release|Any CPU = Release|Any CPU
	EndGlobalSection
	GlobalSection(ProjectConfigurationPlatforms) = postSolution
		{1B92160D-5854-463D-8211-C8D530EFB975}.Debug|Any CPU.ActiveCfg = Debug|Any CPU
		{1B92160D-5854-463D-8211-C8D530EFB975}.Debug|Any CPU.Build.0 = Debug|Any CPU
		{1B92160D-5854-463D-8211-C8D530EFB975}.Release|Any CPU.ActiveCfg = Release|Any CPU
		{1B92160D-5854-463D-8211-C8D530EFB975}.Release|Any CPU.Build.0 = Release|Any CPU
		{B3FEA98B-5406-4500-BB50-113253356E37}.Debug|Any CPU.ActiveCfg = Debug|Any CPU
		{B3FEA98B-5406-4500-BB50-113253356E37}.Debug|Any CPU.Build.0 = Debug|Any CPU
		{B3FEA98B-5406-4500-BB50-113253356E37}.Release|Any CPU.ActiveCfg = Release|Any CPU
		{B3FEA98B-5406-4500-BB50-113253356E37}.Release|Any CPU.Build.0 = Release|Any CPU
		{21221C0D-745D-4B06-B980-249DEDD4C941}.Debug|Any CPU.ActiveCfg = Debug|Any CPU
		{21221C0D-745D-4B06-B980-249DEDD4C941}.Debug|Any CPU.Build.0 = Debug|Any CPU
		{21221C0D-745D-4B06-B980-249DEDD4C941}.Release|Any CPU.ActiveCfg = Release|Any CPU
		{21221C0D-745D-4B06-B980-249DEDD4C941}.Release|Any CPU.Build.0 = Release|Any CPU
		{D780D1DF-C5E0-4319-B446-8986C528A988}.Debug|Any CPU.ActiveCfg = Debug|Any CPU
		{D780D1DF-C5E0-4319-B446-8986C528A988}.Debug|Any CPU.Build.0 = Debug|Any CPU
		{D780D1DF-C5E0-4319-B446-8986C528A988}.Release|Any CPU.ActiveCfg = Release|Any CPU
		{D780D1DF-C5E0-4319-B446-8986C528A988}.Release|Any CPU.Build.0 = Release|Any CPU
		{5045EFE6-823A-4C7C-B1CB-0E57DA36AC88}.Debug|Any CPU.ActiveCfg = Debug|Any CPU
		{5045EFE6-823A-4C7C-B1CB-0E57DA36AC88}.Debug|Any CPU.Build.0 = Debug|Any CPU
		{5045EFE6-823A-4C7C-B1CB-0E57DA36AC88}.Release|Any CPU.ActiveCfg = Release|Any CPU
		{5045EFE6-823A-4C7C-B1CB-0E57DA36AC88}.Release|Any CPU.Build.0 = Release|Any CPU
		{680BD9BC-2E7D-4EA9-B097-58D8E2A6FD40}.Debug|Any CPU.ActiveCfg = Debug|Any CPU
		{680BD9BC-2E7D-4EA9-B097-58D8E2A6FD40}.Debug|Any CPU.Build.0 = Debug|Any CPU
		{680BD9BC-2E7D-4EA9-B097-58D8E2A6FD40}.Release|Any CPU.ActiveCfg = Release|Any CPU
		{680BD9BC-2E7D-4EA9-B097-58D8E2A6FD40}.Release|Any CPU.Build.0 = Release|Any CPU
		{D78422FB-49CA-4BD3-B818-24FEC0C7554B}.Debug|Any CPU.ActiveCfg = Debug|Any CPU
		{D78422FB-49CA-4BD3-B818-24FEC0C7554B}.Debug|Any CPU.Build.0 = Debug|Any CPU
		{D78422FB-49CA-4BD3-B818-24FEC0C7554B}.Release|Any CPU.ActiveCfg = Release|Any CPU
		{D78422FB-49CA-4BD3-B818-24FEC0C7554B}.Release|Any CPU.Build.0 = Release|Any CPU
		{9594F861-305E-4269-B59C-FC4208904985}.Debug|Any CPU.ActiveCfg = Debug|Any CPU
		{9594F861-305E-4269-B59C-FC4208904985}.Debug|Any CPU.Build.0 = Debug|Any CPU
		{9594F861-305E-4269-B59C-FC4208904985}.Release|Any CPU.ActiveCfg = Release|Any CPU
		{9594F861-305E-4269-B59C-FC4208904985}.Release|Any CPU.Build.0 = Release|Any CPU
		{C82B8B1B-C04D-4A66-A91F-1FF6FF4423E5}.Debug|Any CPU.ActiveCfg = Debug|Any CPU
		{C82B8B1B-C04D-4A66-A91F-1FF6FF4423E5}.Debug|Any CPU.Build.0 = Debug|Any CPU
		{C82B8B1B-C04D-4A66-A91F-1FF6FF4423E5}.Release|Any CPU.ActiveCfg = Release|Any CPU
		{C82B8B1B-C04D-4A66-A91F-1FF6FF4423E5}.Release|Any CPU.Build.0 = Release|Any CPU
		{689B4455-EC85-4640-A6CE-69CF38DE4FC2}.Debug|Any CPU.ActiveCfg = Debug|Any CPU
		{689B4455-EC85-4640-A6CE-69CF38DE4FC2}.Debug|Any CPU.Build.0 = Debug|Any CPU
		{689B4455-EC85-4640-A6CE-69CF38DE4FC2}.Release|Any CPU.ActiveCfg = Release|Any CPU
		{689B4455-EC85-4640-A6CE-69CF38DE4FC2}.Release|Any CPU.Build.0 = Release|Any CPU
		{D69621F7-B563-42D4-AE34-C7D949791CAF}.Debug|Any CPU.ActiveCfg = Debug|Any CPU
		{D69621F7-B563-42D4-AE34-C7D949791CAF}.Debug|Any CPU.Build.0 = Debug|Any CPU
		{D69621F7-B563-42D4-AE34-C7D949791CAF}.Release|Any CPU.ActiveCfg = Release|Any CPU
		{D69621F7-B563-42D4-AE34-C7D949791CAF}.Release|Any CPU.Build.0 = Release|Any CPU
		{9DC8BF9C-5051-4178-A222-8CCA90D539DE}.Debug|Any CPU.ActiveCfg = Debug|Any CPU
		{9DC8BF9C-5051-4178-A222-8CCA90D539DE}.Debug|Any CPU.Build.0 = Debug|Any CPU
		{9DC8BF9C-5051-4178-A222-8CCA90D539DE}.Release|Any CPU.ActiveCfg = Release|Any CPU
		{9DC8BF9C-5051-4178-A222-8CCA90D539DE}.Release|Any CPU.Build.0 = Release|Any CPU
		{70461D13-A324-4F13-9874-AC1C8BDACABB}.Debug|Any CPU.ActiveCfg = Debug|Any CPU
		{70461D13-A324-4F13-9874-AC1C8BDACABB}.Debug|Any CPU.Build.0 = Debug|Any CPU
		{70461D13-A324-4F13-9874-AC1C8BDACABB}.Release|Any CPU.ActiveCfg = Release|Any CPU
		{70461D13-A324-4F13-9874-AC1C8BDACABB}.Release|Any CPU.Build.0 = Release|Any CPU
		{5DB62C00-7A2B-49CA-8F46-380C49150FEE}.Debug|Any CPU.ActiveCfg = Debug|Any CPU
		{5DB62C00-7A2B-49CA-8F46-380C49150FEE}.Debug|Any CPU.Build.0 = Debug|Any CPU
		{5DB62C00-7A2B-49CA-8F46-380C49150FEE}.Release|Any CPU.ActiveCfg = Release|Any CPU
		{5DB62C00-7A2B-49CA-8F46-380C49150FEE}.Release|Any CPU.Build.0 = Release|Any CPU
	EndGlobalSection
	GlobalSection(SolutionProperties) = preSolution
		HideSolutionNode = FALSE
	EndGlobalSection
	GlobalSection(NestedProjects) = preSolution
		{21221C0D-745D-4B06-B980-249DEDD4C941} = {5AC94C96-A542-447E-8A16-14A0F73486FE}
		{D78422FB-49CA-4BD3-B818-24FEC0C7554B} = {5AC94C96-A542-447E-8A16-14A0F73486FE}
		{9594F861-305E-4269-B59C-FC4208904985} = {5AC94C96-A542-447E-8A16-14A0F73486FE}
		{5DB62C00-7A2B-49CA-8F46-380C49150FEE} = {5AC94C96-A542-447E-8A16-14A0F73486FE}
	EndGlobalSection
	GlobalSection(ExtensibilityGlobals) = postSolution
		SolutionGuid = {35BC7C44-62FC-4FF2-8B86-D3EC82779F38}
	EndGlobalSection
EndGlobal
