
Microsoft Visual Studio Solution File, Format Version 12.00
# Visual Studio 15
VisualStudioVersion = 15.0.27130.2036
MinimumVisualStudioVersion = 10.0.40219.1
Project("{FAE04EC0-301F-11D3-BF4B-00C04F79EFBC}") = "Model", "Model\Model.csproj", "{1B92160D-5854-463D-8211-C8D530EFB975}"
EndProject
Project("{FAE04EC0-301F-11D3-BF4B-00C04F79EFBC}") = "ViewModel", "ViewModel\ViewModel.csproj", "{B3FEA98B-5406-4500-BB50-113253356E37}"
EndProject
Project("{FAE04EC0-301F-11D3-BF4B-00C04F79EFBC}") = "UnitTestProject", "UnitTestProject\UnitTestProject.csproj", "{21221C0D-745D-4B06-B980-249DEDD4C941}"
EndProject
Project("{FAE04EC0-301F-11D3-BF4B-00C04F79EFBC}") = "Logger", "Tracer\Logger.csproj", "{BAC71BF1-1AB9-4E3F-B060-A01729AEE4C3}"
EndProject
Project("{FAE04EC0-301F-11D3-BF4B-00C04F79EFBC}") = "ConsoleView", "ConsoleView\ConsoleView.csproj", "{2331980E-532F-414F-984A-8A69BE9B39A0}"
EndProject
Project("{FAE04EC0-301F-11D3-BF4B-00C04F79EFBC}") = "GUI", "GUI\GUI.csproj", "{D780D1DF-C5E0-4319-B446-8986C528A988}"
EndProject
Project("{FAE04EC0-301F-11D3-BF4B-00C04F79EFBC}") = "CLI", "CLI\CLI.csproj", "{5045EFE6-823A-4C7C-B1CB-0E57DA36AC88}"
EndProject
Global
	GlobalSection(SolutionConfigurationPlatforms) = preSolution
		Debug|Any CPU = Debug|Any CPU
		Release|Any CPU = Release|Any CPU
	EndGlobalSection
	GlobalSection(ProjectConfigurationPlatforms) = postSolution
		{1B92160D-5854-463D-8211-C8D530EFB975}.Debug|Any CPU.ActiveCfg = Debug|Any CPU
		{1B92160D-5854-463D-8211-C8D530EFB975}.Debug|Any CPU.Build.0 = Debug|Any CPU
		{1B92160D-5854-463D-8211-C8D530EFB975}.Release|Any CPU.ActiveCfg = Release|Any CPU
		{1B92160D-5854-463D-8211-C8D530EFB975}.Release|Any CPU.Build.0 = Release|Any CPU
		{B3FEA98B-5406-4500-BB50-113253356E37}.Debug|Any CPU.ActiveCfg = Debug|Any CPU
		{B3FEA98B-5406-4500-BB50-113253356E37}.Debug|Any CPU.Build.0 = Debug|Any CPU
		{B3FEA98B-5406-4500-BB50-113253356E37}.Release|Any CPU.ActiveCfg = Release|Any CPU
		{B3FEA98B-5406-4500-BB50-113253356E37}.Release|Any CPU.Build.0 = Release|Any CPU
		{21221C0D-745D-4B06-B980-249DEDD4C941}.Debug|Any CPU.ActiveCfg = Debug|Any CPU
		{21221C0D-745D-4B06-B980-249DEDD4C941}.Debug|Any CPU.Build.0 = Debug|Any CPU
		{21221C0D-745D-4B06-B980-249DEDD4C941}.Release|Any CPU.ActiveCfg = Release|Any CPU
		{21221C0D-745D-4B06-B980-249DEDD4C941}.Release|Any CPU.Build.0 = Release|Any CPU
		{BAC71BF1-1AB9-4E3F-B060-A01729AEE4C3}.Debug|Any CPU.ActiveCfg = Debug|Any CPU
		{BAC71BF1-1AB9-4E3F-B060-A01729AEE4C3}.Debug|Any CPU.Build.0 = Debug|Any CPU
		{BAC71BF1-1AB9-4E3F-B060-A01729AEE4C3}.Release|Any CPU.ActiveCfg = Release|Any CPU
		{BAC71BF1-1AB9-4E3F-B060-A01729AEE4C3}.Release|Any CPU.Build.0 = Release|Any CPU
		{2331980E-532F-414F-984A-8A69BE9B39A0}.Debug|Any CPU.ActiveCfg = Debug|Any CPU
		{2331980E-532F-414F-984A-8A69BE9B39A0}.Debug|Any CPU.Build.0 = Debug|Any CPU
		{2331980E-532F-414F-984A-8A69BE9B39A0}.Release|Any CPU.ActiveCfg = Release|Any CPU
		{2331980E-532F-414F-984A-8A69BE9B39A0}.Release|Any CPU.Build.0 = Release|Any CPU
		{D780D1DF-C5E0-4319-B446-8986C528A988}.Debug|Any CPU.ActiveCfg = Debug|Any CPU
		{D780D1DF-C5E0-4319-B446-8986C528A988}.Debug|Any CPU.Build.0 = Debug|Any CPU
		{D780D1DF-C5E0-4319-B446-8986C528A988}.Release|Any CPU.ActiveCfg = Release|Any CPU
		{D780D1DF-C5E0-4319-B446-8986C528A988}.Release|Any CPU.Build.0 = Release|Any CPU
		{5045EFE6-823A-4C7C-B1CB-0E57DA36AC88}.Debug|Any CPU.ActiveCfg = Debug|Any CPU
		{5045EFE6-823A-4C7C-B1CB-0E57DA36AC88}.Debug|Any CPU.Build.0 = Debug|Any CPU
		{5045EFE6-823A-4C7C-B1CB-0E57DA36AC88}.Release|Any CPU.ActiveCfg = Release|Any CPU
		{5045EFE6-823A-4C7C-B1CB-0E57DA36AC88}.Release|Any CPU.Build.0 = Release|Any CPU
	EndGlobalSection
	GlobalSection(SolutionProperties) = preSolution
		HideSolutionNode = FALSE
	EndGlobalSection
	GlobalSection(ExtensibilityGlobals) = postSolution
		SolutionGuid = {35BC7C44-62FC-4FF2-8B86-D3EC82779F38}
	EndGlobalSection
EndGlobal
